
Microsoft Visual Studio Solution File, Format Version 12.00
# Visual Studio Version 17
VisualStudioVersion = 17.5.33414.496
MinimumVisualStudioVersion = 10.0.40219.1
Project("{8BC9CEB8-8B4A-11D0-8D11-00A0C91BC942}") = "PR-5.1", "PR-5\PR-5.vcxproj", "{E178B8B1-98C7-4693-B4B3-E2F9BE1BE792}"
EndProject
Project("{8BC9CEB8-8B4A-11D0-8D11-00A0C91BC942}") = "PR-5.2", "PR-5.2\PR-5.2.vcxproj", "{045A87EF-59D4-4323-BA6B-B7E96D826CBE}"
EndProject
Global
	GlobalSection(SolutionConfigurationPlatforms) = preSolution
		Debug|x64 = Debug|x64
		Debug|x86 = Debug|x86
		Release|x64 = Release|x64
		Release|x86 = Release|x86
	EndGlobalSection
	GlobalSection(ProjectConfigurationPlatforms) = postSolution
		{E178B8B1-98C7-4693-B4B3-E2F9BE1BE792}.Debug|x64.ActiveCfg = Debug|x64
		{E178B8B1-98C7-4693-B4B3-E2F9BE1BE792}.Debug|x64.Build.0 = Debug|x64
		{E178B8B1-98C7-4693-B4B3-E2F9BE1BE792}.Debug|x86.ActiveCfg = Debug|Win32
		{E178B8B1-98C7-4693-B4B3-E2F9BE1BE792}.Debug|x86.Build.0 = Debug|Win32
		{E178B8B1-98C7-4693-B4B3-E2F9BE1BE792}.Release|x64.ActiveCfg = Release|x64
		{E178B8B1-98C7-4693-B4B3-E2F9BE1BE792}.Release|x64.Build.0 = Release|x64
		{E178B8B1-98C7-4693-B4B3-E2F9BE1BE792}.Release|x86.ActiveCfg = Release|Win32
		{E178B8B1-98C7-4693-B4B3-E2F9BE1BE792}.Release|x86.Build.0 = Release|Win32
		{045A87EF-59D4-4323-BA6B-B7E96D826CBE}.Debug|x64.ActiveCfg = Debug|x64
		{045A87EF-59D4-4323-BA6B-B7E96D826CBE}.Debug|x64.Build.0 = Debug|x64
		{045A87EF-59D4-4323-BA6B-B7E96D826CBE}.Debug|x86.ActiveCfg = Debug|Win32
		{045A87EF-59D4-4323-BA6B-B7E96D826CBE}.Debug|x86.Build.0 = Debug|Win32
		{045A87EF-59D4-4323-BA6B-B7E96D826CBE}.Release|x64.ActiveCfg = Release|x64
		{045A87EF-59D4-4323-BA6B-B7E96D826CBE}.Release|x64.Build.0 = Release|x64
		{045A87EF-59D4-4323-BA6B-B7E96D826CBE}.Release|x86.ActiveCfg = Release|Win32
		{045A87EF-59D4-4323-BA6B-B7E96D826CBE}.Release|x86.Build.0 = Release|Win32
	EndGlobalSection
	GlobalSection(SolutionProperties) = preSolution
		HideSolutionNode = FALSE
	EndGlobalSection
	GlobalSection(ExtensibilityGlobals) = postSolution
		SolutionGuid = {E69E5E62-A889-42B3-A98D-D7BAB17A1A05}
	EndGlobalSection
EndGlobal
